# This file is automatically @generated by Poetry and should not be changed by hand.

[[package]]
name = "debugpy"
version = "1.6.6"
description = "An implementation of the Debug Adapter Protocol for Python"
category = "dev"
optional = false
python-versions = ">=3.7"
files = [
    {file = "debugpy-1.6.6-cp310-cp310-macosx_11_0_x86_64.whl", hash = "sha256:0ea1011e94416e90fb3598cc3ef5e08b0a4dd6ce6b9b33ccd436c1dffc8cd664"},
    {file = "debugpy-1.6.6-cp310-cp310-manylinux_2_17_x86_64.manylinux2014_x86_64.whl", hash = "sha256:dff595686178b0e75580c24d316aa45a8f4d56e2418063865c114eef651a982e"},
    {file = "debugpy-1.6.6-cp310-cp310-win32.whl", hash = "sha256:87755e173fcf2ec45f584bb9d61aa7686bb665d861b81faa366d59808bbd3494"},
    {file = "debugpy-1.6.6-cp310-cp310-win_amd64.whl", hash = "sha256:72687b62a54d9d9e3fb85e7a37ea67f0e803aaa31be700e61d2f3742a5683917"},
    {file = "debugpy-1.6.6-cp37-cp37m-macosx_10_15_x86_64.whl", hash = "sha256:78739f77c58048ec006e2b3eb2e0cd5a06d5f48c915e2fc7911a337354508110"},
    {file = "debugpy-1.6.6-cp37-cp37m-manylinux_2_17_x86_64.manylinux2014_x86_64.whl", hash = "sha256:23c29e40e39ad7d869d408ded414f6d46d82f8a93b5857ac3ac1e915893139ca"},
    {file = "debugpy-1.6.6-cp37-cp37m-win32.whl", hash = "sha256:7aa7e103610e5867d19a7d069e02e72eb2b3045b124d051cfd1538f1d8832d1b"},
    {file = "debugpy-1.6.6-cp37-cp37m-win_amd64.whl", hash = "sha256:f6383c29e796203a0bba74a250615ad262c4279d398e89d895a69d3069498305"},
    {file = "debugpy-1.6.6-cp38-cp38-macosx_10_15_x86_64.whl", hash = "sha256:23363e6d2a04d726bbc1400bd4e9898d54419b36b2cdf7020e3e215e1dcd0f8e"},
    {file = "debugpy-1.6.6-cp38-cp38-manylinux_2_17_x86_64.manylinux2014_x86_64.whl", hash = "sha256:9b5d1b13d7c7bf5d7cf700e33c0b8ddb7baf030fcf502f76fc061ddd9405d16c"},
    {file = "debugpy-1.6.6-cp38-cp38-win32.whl", hash = "sha256:70ab53918fd907a3ade01909b3ed783287ede362c80c75f41e79596d5ccacd32"},
    {file = "debugpy-1.6.6-cp38-cp38-win_amd64.whl", hash = "sha256:c05349890804d846eca32ce0623ab66c06f8800db881af7a876dc073ac1c2225"},
    {file = "debugpy-1.6.6-cp39-cp39-manylinux_2_17_x86_64.manylinux2014_x86_64.whl", hash = "sha256:a771739902b1ae22a120dbbb6bd91b2cae6696c0e318b5007c5348519a4211c6"},
    {file = "debugpy-1.6.6-cp39-cp39-win32.whl", hash = "sha256:549ae0cb2d34fc09d1675f9b01942499751d174381b6082279cf19cdb3c47cbe"},
    {file = "debugpy-1.6.6-cp39-cp39-win_amd64.whl", hash = "sha256:de4a045fbf388e120bb6ec66501458d3134f4729faed26ff95de52a754abddb1"},
    {file = "debugpy-1.6.6-py2.py3-none-any.whl", hash = "sha256:be596b44448aac14eb3614248c91586e2bc1728e020e82ef3197189aae556115"},
    {file = "debugpy-1.6.6.zip", hash = "sha256:b9c2130e1c632540fbf9c2c88341493797ddf58016e7cba02e311de9b0a96b67"},
]

[metadata]
lock-version = "2.0"
python-versions = "^3.10"
content-hash = "71083633f9c10050d9fd6c5b331a810a2e42c0211058ed93b7273072280fd9f3"
